# This file is automatically @generated by Cargo.
# It is not intended for manual editing.
version = 3

[[package]]
name = "bootloader"
version = "0.1.0"
dependencies = [
 "common",
]

[[package]]
name = "bootstrapper"
version = "0.1.0"

[[package]]
name = "build-tools"
version = "0.1.0"

[[package]]
name = "common"
version = "0.1.0"

[[package]]
name = "frieren"
version = "0.1.0"

[[package]]
name = "kernel"
version = "0.1.0"
dependencies = [
 "common",
]

[[package]]
name = "qemu"
version = "0.1.0"
