# This file is automatically @generated by Cargo.
# It is not intended for manual editing.
version = 3

[[package]]
name = "acpi"
version = "0.1.0"

[[package]]
name = "ata"
version = "0.1.0"
dependencies = [
 "pci",
]

[[package]]
name = "bootloader"
version = "0.1.0"
dependencies = [
 "acpi",
 "ata",
 "common",
 "pci",
]

[[package]]
name = "bootstrapper"
version = "0.1.0"
dependencies = [
 "acpi",
 "common",
]

[[package]]
name = "common"
version = "0.1.0"

[[package]]
name = "elf-loader"
version = "0.1.0"
dependencies = [
 "common",
 "frieren",
]

[[package]]
name = "frieren"
version = "0.1.0"

[[package]]
name = "pci"
version = "0.1.0"
